
Microsoft Visual Studio Solution File, Format Version 12.00
# Visual Studio 15
VisualStudioVersion = 15.0.26124.0
MinimumVisualStudioVersion = 15.0.26124.0
Project("{2150E333-8FDC-42A3-9474-1A3956D46DE8}") = "src", "src", "{72786F9C-AA86-46EB-86E5-E137775FBEA2}"
EndProject
Project("{FAE04EC0-301F-11D3-BF4B-00C04F79EFBC}") = "AspNetCoreIntegrationTestConfig.Web", "src\AspNetCoreIntegrationTestConfig.Web\AspNetCoreIntegrationTestConfig.Web.csproj", "{E1A49B76-4993-41EB-9671-B08B5A66E8F1}"
EndProject
Project("{2150E333-8FDC-42A3-9474-1A3956D46DE8}") = "test", "test", "{6165CA7F-8C9A-4061-9BBD-AA192772EFB6}"
EndProject
Project("{FAE04EC0-301F-11D3-BF4B-00C04F79EFBC}") = "AspNetCoreIntegrationTestConfig.IntegrationTests", "test\AspNetCoreIntegrationTestConfig.IntegrationTests\AspNetCoreIntegrationTestConfig.IntegrationTests.csproj", "{05B45465-DE49-446E-88F7-877457EE34EA}"
EndProject
Global
	GlobalSection(SolutionConfigurationPlatforms) = preSolution
		Debug|Any CPU = Debug|Any CPU
		Debug|x64 = Debug|x64
		Debug|x86 = Debug|x86
		Release|Any CPU = Release|Any CPU
		Release|x64 = Release|x64
		Release|x86 = Release|x86
	EndGlobalSection
	GlobalSection(SolutionProperties) = preSolution
		HideSolutionNode = FALSE
	EndGlobalSection
	GlobalSection(ProjectConfigurationPlatforms) = postSolution
		{E1A49B76-4993-41EB-9671-B08B5A66E8F1}.Debug|Any CPU.ActiveCfg = Debug|Any CPU
		{E1A49B76-4993-41EB-9671-B08B5A66E8F1}.Debug|Any CPU.Build.0 = Debug|Any CPU
		{E1A49B76-4993-41EB-9671-B08B5A66E8F1}.Debug|x64.ActiveCfg = Debug|Any CPU
		{E1A49B76-4993-41EB-9671-B08B5A66E8F1}.Debug|x64.Build.0 = Debug|Any CPU
		{E1A49B76-4993-41EB-9671-B08B5A66E8F1}.Debug|x86.ActiveCfg = Debug|Any CPU
		{E1A49B76-4993-41EB-9671-B08B5A66E8F1}.Debug|x86.Build.0 = Debug|Any CPU
		{E1A49B76-4993-41EB-9671-B08B5A66E8F1}.Release|Any CPU.ActiveCfg = Release|Any CPU
		{E1A49B76-4993-41EB-9671-B08B5A66E8F1}.Release|Any CPU.Build.0 = Release|Any CPU
		{E1A49B76-4993-41EB-9671-B08B5A66E8F1}.Release|x64.ActiveCfg = Release|Any CPU
		{E1A49B76-4993-41EB-9671-B08B5A66E8F1}.Release|x64.Build.0 = Release|Any CPU
		{E1A49B76-4993-41EB-9671-B08B5A66E8F1}.Release|x86.ActiveCfg = Release|Any CPU
		{E1A49B76-4993-41EB-9671-B08B5A66E8F1}.Release|x86.Build.0 = Release|Any CPU
		{05B45465-DE49-446E-88F7-877457EE34EA}.Debug|Any CPU.ActiveCfg = Debug|Any CPU
		{05B45465-DE49-446E-88F7-877457EE34EA}.Debug|Any CPU.Build.0 = Debug|Any CPU
		{05B45465-DE49-446E-88F7-877457EE34EA}.Debug|x64.ActiveCfg = Debug|Any CPU
		{05B45465-DE49-446E-88F7-877457EE34EA}.Debug|x64.Build.0 = Debug|Any CPU
		{05B45465-DE49-446E-88F7-877457EE34EA}.Debug|x86.ActiveCfg = Debug|Any CPU
		{05B45465-DE49-446E-88F7-877457EE34EA}.Debug|x86.Build.0 = Debug|Any CPU
		{05B45465-DE49-446E-88F7-877457EE34EA}.Release|Any CPU.ActiveCfg = Release|Any CPU
		{05B45465-DE49-446E-88F7-877457EE34EA}.Release|Any CPU.Build.0 = Release|Any CPU
		{05B45465-DE49-446E-88F7-877457EE34EA}.Release|x64.ActiveCfg = Release|Any CPU
		{05B45465-DE49-446E-88F7-877457EE34EA}.Release|x64.Build.0 = Release|Any CPU
		{05B45465-DE49-446E-88F7-877457EE34EA}.Release|x86.ActiveCfg = Release|Any CPU
		{05B45465-DE49-446E-88F7-877457EE34EA}.Release|x86.Build.0 = Release|Any CPU
	EndGlobalSection
	GlobalSection(NestedProjects) = preSolution
		{E1A49B76-4993-41EB-9671-B08B5A66E8F1} = {72786F9C-AA86-46EB-86E5-E137775FBEA2}
		{05B45465-DE49-446E-88F7-877457EE34EA} = {6165CA7F-8C9A-4061-9BBD-AA192772EFB6}
	EndGlobalSection
EndGlobal
